
Microsoft Visual Studio Solution File, Format Version 12.00
# Visual Studio 15
VisualStudioVersion = 15.0.28307.106
MinimumVisualStudioVersion = 10.0.40219.1
Project("{FAE04EC0-301F-11D3-BF4B-00C04F79EFBC}") = "DevBuild.Assessment6-WebForm", "DevBuild.Assessment6-WebForm\DevBuild.Assessment6-WebForm.csproj", "{55C21FE6-2792-4082-B88E-FBAFE4B9DBD6}"
EndProject
Project("{FAE04EC0-301F-11D3-BF4B-00C04F79EFBC}") = "DevBuild.Assessment6-WebForm.Tests", "DevBuild.Assessment6-WebForm.Tests\DevBuild.Assessment6-WebForm.Tests.csproj", "{6C8E7230-3A8B-45A9-94A6-E51F9C2FF4E6}"
EndProject
Global
	GlobalSection(SolutionConfigurationPlatforms) = preSolution
		Debug|Any CPU = Debug|Any CPU
		Release|Any CPU = Release|Any CPU
	EndGlobalSection
	GlobalSection(ProjectConfigurationPlatforms) = postSolution
		{55C21FE6-2792-4082-B88E-FBAFE4B9DBD6}.Debug|Any CPU.ActiveCfg = Debug|Any CPU
		{55C21FE6-2792-4082-B88E-FBAFE4B9DBD6}.Debug|Any CPU.Build.0 = Debug|Any CPU
		{55C21FE6-2792-4082-B88E-FBAFE4B9DBD6}.Release|Any CPU.ActiveCfg = Release|Any CPU
		{55C21FE6-2792-4082-B88E-FBAFE4B9DBD6}.Release|Any CPU.Build.0 = Release|Any CPU
		{6C8E7230-3A8B-45A9-94A6-E51F9C2FF4E6}.Debug|Any CPU.ActiveCfg = Debug|Any CPU
		{6C8E7230-3A8B-45A9-94A6-E51F9C2FF4E6}.Debug|Any CPU.Build.0 = Debug|Any CPU
		{6C8E7230-3A8B-45A9-94A6-E51F9C2FF4E6}.Release|Any CPU.ActiveCfg = Release|Any CPU
		{6C8E7230-3A8B-45A9-94A6-E51F9C2FF4E6}.Release|Any CPU.Build.0 = Release|Any CPU
	EndGlobalSection
	GlobalSection(SolutionProperties) = preSolution
		HideSolutionNode = FALSE
	EndGlobalSection
	GlobalSection(ExtensibilityGlobals) = postSolution
		SolutionGuid = {771CCE29-98F0-458E-AA19-5B8E8433029D}
	EndGlobalSection
EndGlobal
